
Microsoft Visual Studio Solution File, Format Version 12.00
# Visual Studio 2012
Project("{FAE04EC0-301F-11D3-BF4B-00C04F79EFBC}") = "TimeRecorder", "TimeRecorder.csproj", "{D75E10E8-AC54-4F6E-A302-8C778AC53D62}"
EndProject
Project("{2150E333-8FDC-42A3-9474-1A3956D46DE8}") = "SolutionItems", "SolutionItems", "{64C91F94-C351-41E7-A75F-72905AC09CA2}"
	ProjectSection(SolutionItems) = preProject
		SolutionItems\NuGet.exe = SolutionItems\NuGet.exe
	EndProjectSection
EndProject
Global
	GlobalSection(SolutionConfigurationPlatforms) = preSolution
		Debug|Any CPU = Debug|Any CPU
		Release|Any CPU = Release|Any CPU
	EndGlobalSection
	GlobalSection(ProjectConfigurationPlatforms) = postSolution
		{D75E10E8-AC54-4F6E-A302-8C778AC53D62}.Debug|Any CPU.ActiveCfg = Debug|Any CPU
		{D75E10E8-AC54-4F6E-A302-8C778AC53D62}.Debug|Any CPU.Build.0 = Debug|Any CPU
		{D75E10E8-AC54-4F6E-A302-8C778AC53D62}.Release|Any CPU.ActiveCfg = Release|Any CPU
		{D75E10E8-AC54-4F6E-A302-8C778AC53D62}.Release|Any CPU.Build.0 = Release|Any CPU
	EndGlobalSection
	GlobalSection(SolutionProperties) = preSolution
		HideSolutionNode = FALSE
	EndGlobalSection
EndGlobal
